
Microsoft Visual Studio Solution File, Format Version 12.00
# Visual Studio Version 16
VisualStudioVersion = 16.0.29209.62
MinimumVisualStudioVersion = 10.0.40219.1
Project("{FAE04EC0-301F-11D3-BF4B-00C04F79EFBC}") = "WebApp", "WebApp\WebApp.csproj", "{2440029B-0256-460D-854C-0CD109927F97}"
EndProject
Project("{FAE04EC0-301F-11D3-BF4B-00C04F79EFBC}") = "DemoSystem2", "DemoSystem2\DemoSystem2.csproj", "{9161F52B-FEB4-4D79-8090-E2FC75A7E34A}"
EndProject
Global
	GlobalSection(SolutionConfigurationPlatforms) = preSolution
		Debug|Any CPU = Debug|Any CPU
		Release|Any CPU = Release|Any CPU
	EndGlobalSection
	GlobalSection(ProjectConfigurationPlatforms) = postSolution
		{2440029B-0256-460D-854C-0CD109927F97}.Debug|Any CPU.ActiveCfg = Debug|Any CPU
		{2440029B-0256-460D-854C-0CD109927F97}.Debug|Any CPU.Build.0 = Debug|Any CPU
		{2440029B-0256-460D-854C-0CD109927F97}.Release|Any CPU.ActiveCfg = Release|Any CPU
		{2440029B-0256-460D-854C-0CD109927F97}.Release|Any CPU.Build.0 = Release|Any CPU
		{9161F52B-FEB4-4D79-8090-E2FC75A7E34A}.Debug|Any CPU.ActiveCfg = Debug|Any CPU
		{9161F52B-FEB4-4D79-8090-E2FC75A7E34A}.Debug|Any CPU.Build.0 = Debug|Any CPU
		{9161F52B-FEB4-4D79-8090-E2FC75A7E34A}.Release|Any CPU.ActiveCfg = Release|Any CPU
		{9161F52B-FEB4-4D79-8090-E2FC75A7E34A}.Release|Any CPU.Build.0 = Release|Any CPU
	EndGlobalSection
	GlobalSection(SolutionProperties) = preSolution
		HideSolutionNode = FALSE
	EndGlobalSection
	GlobalSection(ExtensibilityGlobals) = postSolution
		SolutionGuid = {76A2A354-7784-4D48-BA6A-B6F51C648604}
	EndGlobalSection
EndGlobal
